// !$*UTF8*$!
{
	archiveVersion = 1;
	classes = {
	};
	objectVersion = 46;
	objects = {

/* Begin PBXBuildFile section */
		5A11D0CB199EE06D00AF77E1 /* AppDelegate.swift in Sources */ = {isa = PBXBuildFile; fileRef = 5A11D0CA199EE06D00AF77E1 /* AppDelegate.swift */; };
		5A11D0CD199EE06D00AF77E1 /* ViewController.swift in Sources */ = {isa = PBXBuildFile; fileRef = 5A11D0CC199EE06D00AF77E1 /* ViewController.swift */; };
		5A11D0D2199EE06D00AF77E1 /* Images.xcassets in Resources */ = {isa = PBXBuildFile; fileRef = 5A11D0D1199EE06D00AF77E1 /* Images.xcassets */; };
		5A11D0DE199EE06D00AF77E1 /* hackingTests.swift in Sources */ = {isa = PBXBuildFile; fileRef = 5A11D0DD199EE06D00AF77E1 /* hackingTests.swift */; };
/* End PBXBuildFile section */

/* Begin PBXContainerItemProxy section */
		5A11D0D8199EE06D00AF77E1 /* PBXContainerItemProxy */ = {
			isa = PBXContainerItemProxy;
			containerPortal = 5A11D0BD199EE06D00AF77E1 /* Project object */;
			proxyType = 1;
			remoteGlobalIDString = 5A11D0C4199EE06D00AF77E1;
			remoteInfo = hacking;
		};
/* End PBXContainerItemProxy section */

/* Begin PBXFileReference section */
		5A11D0C5199EE06D00AF77E1 /* hacking.app */ = {isa = PBXFileReference; explicitFileType = wrapper.application; includeInIndex = 0; path = hacking.app; sourceTree = BUILT_PRODUCTS_DIR; };
		5A11D0C9199EE06D00AF77E1 /* Info.plist */ = {isa = PBXFileReference; lastKnownFileType = text.plist.xml; path = Info.plist; sourceTree = "<group>"; };
		5A11D0CA199EE06D00AF77E1 /* AppDelegate.swift */ = {isa = PBXFileReference; lastKnownFileType = sourcecode.swift; path = AppDelegate.swift; sourceTree = "<group>"; };
		5A11D0CC199EE06D00AF77E1 /* ViewController.swift */ = {isa = PBXFileReference; lastKnownFileType = sourcecode.swift; path = ViewController.swift; sourceTree = "<group>"; };
		5A11D0D1199EE06D00AF77E1 /* Images.xcassets */ = {isa = PBXFileReference; lastKnownFileType = folder.assetcatalog; path = Images.xcassets; sourceTree = "<group>"; };
		5A11D0D7199EE06D00AF77E1 /* hackingTests.xctest */ = {isa = PBXFileReference; explicitFileType = wrapper.cfbundle; includeInIndex = 0; path = hackingTests.xctest; sourceTree = BUILT_PRODUCTS_DIR; };
		5A11D0DC199EE06D00AF77E1 /* Info.plist */ = {isa = PBXFileReference; lastKnownFileType = text.plist.xml; path = Info.plist; sourceTree = "<group>"; };
		5A11D0DD199EE06D00AF77E1 /* hackingTests.swift */ = {isa = PBXFileReference; lastKnownFileType = sourcecode.swift; path = hackingTests.swift; sourceTree = "<group>"; };
		5A11D0E7199EE0E400AF77E1 /* MyPlayground.playground */ = {isa = PBXFileReference; lastKnownFileType = file.playground; path = MyPlayground.playground; sourceTree = "<group>"; };
/* End PBXFileReference section */

/* Begin PBXFrameworksBuildPhase section */
		5A11D0C2199EE06D00AF77E1 /* Frameworks */ = {
			isa = PBXFrameworksBuildPhase;
			buildActionMask = 2147483647;
			files = (
			);
			runOnlyForDeploymentPostprocessing = 0;
		};
		5A11D0D4199EE06D00AF77E1 /* Frameworks */ = {
			isa = PBXFrameworksBuildPhase;
			buildActionMask = 2147483647;
			files = (
			);
			runOnlyForDeploymentPostprocessing = 0;
		};
/* End PBXFrameworksBuildPhase section */

/* Begin PBXGroup section */
		5A11D0BC199EE06D00AF77E1 = {
			isa = PBXGroup;
			children = (
				5A11D0C7199EE06D00AF77E1 /* hacking */,
				5A11D0DA199EE06D00AF77E1 /* hackingTests */,
				5A11D0C6199EE06D00AF77E1 /* Products */,
			);
			sourceTree = "<group>";
		};
		5A11D0C6199EE06D00AF77E1 /* Products */ = {
			isa = PBXGroup;
			children = (
				5A11D0C5199EE06D00AF77E1 /* hacking.app */,
				5A11D0D7199EE06D00AF77E1 /* hackingTests.xctest */,
			);
			name = Products;
			sourceTree = "<group>";
		};
		5A11D0C7199EE06D00AF77E1 /* hacking */ = {
			isa = PBXGroup;
			children = (
				5A11D0CA199EE06D00AF77E1 /* AppDelegate.swift */,
				5A11D0CC199EE06D00AF77E1 /* ViewController.swift */,
				5A11D0E7199EE0E400AF77E1 /* MyPlayground.playground */,
				5A11D0D1199EE06D00AF77E1 /* Images.xcassets */,
				5A11D0C8199EE06D00AF77E1 /* Supporting Files */,
			);
			path = hacking;
			sourceTree = "<group>";
		};
		5A11D0C8199EE06D00AF77E1 /* Supporting Files */ = {
			isa = PBXGroup;
			children = (
				5A11D0C9199EE06D00AF77E1 /* Info.plist */,
			);
			name = "Supporting Files";
			sourceTree = "<group>";
		};
		5A11D0DA199EE06D00AF77E1 /* hackingTests */ = {
			isa = PBXGroup;
			children = (
				5A11D0DD199EE06D00AF77E1 /* hackingTests.swift */,
				5A11D0DB199EE06D00AF77E1 /* Supporting Files */,
			);
			path = hackingTests;
			sourceTree = "<group>";
		};
		5A11D0DB199EE06D00AF77E1 /* Supporting Files */ = {
			isa = PBXGroup;
			children = (
				5A11D0DC199EE06D00AF77E1 /* Info.plist */,
			);
			name = "Supporting Files";
			sourceTree = "<group>";
		};
/* End PBXGroup section */

/* Begin PBXNativeTarget section */
		5A11D0C4199EE06D00AF77E1 /* hacking */ = {
			isa = PBXNativeTarget;
			buildConfigurationList = 5A11D0E1199EE06D00AF77E1 /* Build configuration list for PBXNativeTarget "hacking" */;
			buildPhases = (
				5A11D0C1199EE06D00AF77E1 /* Sources */,
				5A11D0C2199EE06D00AF77E1 /* Frameworks */,
				5A11D0C3199EE06D00AF77E1 /* Resources */,
			);
			buildRules = (
			);
			dependencies = (
			);
			name = hacking;
			productName = hacking;
			productReference = 5A11D0C5199EE06D00AF77E1 /* hacking.app */;
			productType = "com.apple.product-type.application";
		};
		5A11D0D6199EE06D00AF77E1 /* hackingTests */ = {
			isa = PBXNativeTarget;
			buildConfigurationList = 5A11D0E4199EE06D00AF77E1 /* Build configuration list for PBXNativeTarget "hackingTests" */;
			buildPhases = (
				5A11D0D3199EE06D00AF77E1 /* Sources */,
				5A11D0D4199EE06D00AF77E1 /* Frameworks */,
				5A11D0D5199EE06D00AF77E1 /* Resources */,
			);
			buildRules = (
			);
			dependencies = (
				5A11D0D9199EE06D00AF77E1 /* PBXTargetDependency */,
			);
			name = hackingTests;
			productName = hackingTests;
			productReference = 5A11D0D7199EE06D00AF77E1 /* hackingTests.xctest */;
			productType = "com.apple.product-type.bundle.unit-test";
		};
/* End PBXNativeTarget section */

/* Begin PBXProject section */
		5A11D0BD199EE06D00AF77E1 /* Project object */ = {
			isa = PBXProject;
			attributes = {
				LastUpgradeCheck = 0600;
				ORGANIZATIONNAME = "ExcepApps, Inc";
				TargetAttributes = {
					5A11D0C4199EE06D00AF77E1 = {
						CreatedOnToolsVersion = 6.0;
					};
					5A11D0D6199EE06D00AF77E1 = {
						CreatedOnToolsVersion = 6.0;
						TestTargetID = 5A11D0C4199EE06D00AF77E1;
					};
				};
			};
			buildConfigurationList = 5A11D0C0199EE06D00AF77E1 /* Build configuration list for PBXProject "hacking" */;
			compatibilityVersion = "Xcode 3.2";
			developmentRegion = English;
			hasScannedForEncodings = 0;
			knownRegions = (
				en,
				Base,
			);
			mainGroup = 5A11D0BC199EE06D00AF77E1;
			productRefGroup = 5A11D0C6199EE06D00AF77E1 /* Products */;
			projectDirPath = "";
			projectRoot = "";
			targets = (
				5A11D0C4199EE06D00AF77E1 /* hacking */,
				5A11D0D6199EE06D00AF77E1 /* hackingTests */,
			);
		};
/* End PBXProject section */

/* Begin PBXResourcesBuildPhase section */
		5A11D0C3199EE06D00AF77E1 /* Resources */ = {
			isa = PBXResourcesBuildPhase;
			buildActionMask = 2147483647;
			files = (
				5A11D0D2199EE06D00AF77E1 /* Images.xcassets in Resources */,
			);
			runOnlyForDeploymentPostprocessing = 0;
		};
		5A11D0D5199EE06D00AF77E1 /* Resources */ = {
			isa = PBXResourcesBuildPhase;
			buildActionMask = 2147483647;
			files = (
			);
			runOnlyForDeploymentPostprocessing = 0;
		};
/* End PBXResourcesBuildPhase section */

/* Begin PBXSourcesBuildPhase section */
		5A11D0C1199EE06D00AF77E1 /* Sources */ = {
			isa = PBXSourcesBuildPhase;
			buildActionMask = 2147483647;
			files = (
				5A11D0CD199EE06D00AF77E1 /* ViewController.swift in Sources */,
				5A11D0CB199EE06D00AF77E1 /* AppDelegate.swift in Sources */,
			);
			runOnlyForDeploymentPostprocessing = 0;
		};
		5A11D0D3199EE06D00AF77E1 /* Sources */ = {
			isa = PBXSourcesBuildPhase;
			buildActionMask = 2147483647;
			files = (
				5A11D0DE199EE06D00AF77E1 /* hackingTests.swift in Sources */,
			);
			runOnlyForDeploymentPostprocessing = 0;
		};
/* End PBXSourcesBuildPhase section */

/* Begin PBXTargetDependency section */
		5A11D0D9199EE06D00AF77E1 /* PBXTargetDependency */ = {
			isa = PBXTargetDependency;
			target = 5A11D0C4199EE06D00AF77E1 /* hacking */;
			targetProxy = 5A11D0D8199EE06D00AF77E1 /* PBXContainerItemProxy */;
		};
/* End PBXTargetDependency section */

/* Begin XCBuildConfiguration section */
		5A11D0DF199EE06D00AF77E1 /* Debug */ = {
			isa = XCBuildConfiguration;
			buildSettings = {
				ALWAYS_SEARCH_USER_PATHS = NO;
				CLANG_CXX_LANGUAGE_STANDARD = "gnu++0x";
				CLANG_CXX_LIBRARY = "libc++";
				CLANG_ENABLE_MODULES = YES;
				CLANG_ENABLE_OBJC_ARC = YES;
				CLANG_WARN_BOOL_CONVERSION = YES;
				CLANG_WARN_CONSTANT_CONVERSION = YES;
				CLANG_WARN_DIRECT_OBJC_ISA_USAGE = YES_ERROR;
				CLANG_WARN_EMPTY_BODY = YES;
				CLANG_WARN_ENUM_CONVERSION = YES;
				CLANG_WARN_INT_CONVERSION = YES;
				CLANG_WARN_OBJC_ROOT_CLASS = YES_ERROR;
				CLANG_WARN_UNREACHABLE_CODE = YES;
				CLANG_WARN__DUPLICATE_METHOD_MATCH = YES;
				"CODE_SIGN_IDENTITY[sdk=iphoneos*]" = "iPhone Developer";
				COPY_PHASE_STRIP = NO;
				ENABLE_STRICT_OBJC_MSGSEND = YES;
				GCC_C_LANGUAGE_STANDARD = gnu99;
				GCC_DYNAMIC_NO_PIC = NO;
				GCC_OPTIMIZATION_LEVEL = 0;
				GCC_PREPROCESSOR_DEFINITIONS = (
					"DEBUG=1",
					"$(inherited)",
				);
				GCC_SYMBOLS_PRIVATE_EXTERN = NO;
				GCC_WARN_64_TO_32_BIT_CONVERSION = YES;
				GCC_WARN_ABOUT_RETURN_TYPE = YES_ERROR;
				GCC_WARN_UNDECLARED_SELECTOR = YES;
				GCC_WARN_UNINITIALIZED_AUTOS = YES_AGGRESSIVE;
				GCC_WARN_UNUSED_FUNCTION = YES;
				GCC_WARN_UNUSED_VARIABLE = YES;
				IPHONEOS_DEPLOYMENT_TARGET = 8.0;
				MTL_ENABLE_DEBUG_INFO = YES;
				ONLY_ACTIVE_ARCH = YES;
				SDKROOT = iphoneos;
				SWIFT_OPTIMIZATION_LEVEL = "-Onone";
				TARGETED_DEVICE_FAMILY = "1,2";
			};
			name = Debug;
		};
		5A11D0E0199EE06D00AF77E1 /* Release */ = {
			isa = XCBuildConfiguration;
			buildSettings = {
				ALWAYS_SEARCH_USER_PATHS = NO;
				CLANG_CXX_LANGUAGE_STANDARD = "gnu++0x";
				CLANG_CXX_LIBRARY = "libc++";
				CLANG_ENABLE_MODULES = YES;
				CLANG_ENABLE_OBJC_ARC = YES;
				CLANG_WARN_BOOL_CONVERSION = YES;
				CLANG_WARN_CONSTANT_CONVERSION = YES;
				CLANG_WARN_DIRECT_OBJC_ISA_USAGE = YES_ERROR;
				CLANG_WARN_EMPTY_BODY = YES;
				CLANG_WARN_ENUM_CONVERSION = YES;
				CLANG_WARN_INT_CONVERSION = YES;
				CLANG_WARN_OBJC_ROOT_CLASS = YES_ERROR;
				CLANG_WARN_UNREACHABLE_CODE = YES;
				CLANG_WARN__DUPLICATE_METHOD_MATCH = YES;
				"CODE_SIGN_IDENTITY[sdk=iphoneos*]" = "iPhone Developer";
				COPY_PHASE_STRIP = YES;
				ENABLE_NS_ASSERTIONS = NO;
				ENABLE_STRICT_OBJC_MSGSEND = YES;
				GCC_C_LANGUAGE_STANDARD = gnu99;
				GCC_WARN_64_TO_32_BIT_CONVERSION = YES;
				GCC_WARN_ABOUT_RETURN_TYPE = YES_ERROR;
				GCC_WARN_UNDECLARED_SELECTOR = YES;
				GCC_WARN_UNINITIALIZED_AUTOS = YES_AGGRESSIVE;
				GCC_WARN_UNUSED_FUNCTION = YES;
				GCC_WARN_UNUSED_VARIABLE = YES;
				IPHONEOS_DEPLOYMENT_TARGET = 8.0;
				MTL_ENABLE_DEBUG_INFO = NO;
				SDKROOT = iphoneos;
				TARGETED_DEVICE_FAMILY = "1,2";
				VALIDATE_PRODUCT = YES;
			};
			name = Release;
		};
		5A11D0E2199EE06D00AF77E1 /* Debug */ = {
			isa = XCBuildConfiguration;
			buildSettings = {
				ASSETCATALOG_COMPILER_APPICON_NAME = AppIcon;
				ASSETCATALOG_COMPILER_LAUNCHIMAGE_NAME = LaunchImage;
				INFOPLIST_FILE = hacking/Info.plist;
				IPHONEOS_DEPLOYMENT_TARGET = 7.1;
				LD_RUNPATH_SEARCH_PATHS = "$(inherited) @executable_path/Frameworks";
				PRODUCT_NAME = "$(TARGET_NAME)";
			};
			name = Debug;
		};
		5A11D0E3199EE06D00AF77E1 /* Release */ = {
			isa = XCBuildConfiguration;
			buildSettings = {
				ASSETCATALOG_COMPILER_APPICON_NAME = AppIcon;
				ASSETCATALOG_COMPILER_LAUNCHIMAGE_NAME = LaunchImage;
				INFOPLIST_FILE = hacking/Info.plist;
				IPHONEOS_DEPLOYMENT_TARGET = 7.1;
				LD_RUNPATH_SEARCH_PATHS = "$(inherited) @executable_path/Frameworks";
				PRODUCT_NAME = "$(TARGET_NAME)";
			};
			name = Release;
		};
		5A11D0E5199EE06D00AF77E1 /* Debug */ = {
			isa = XCBuildConfiguration;
			buildSettings = {
				BUNDLE_LOADER = "$(TEST_HOST)";
				FRAMEWORK_SEARCH_PATHS = (
					"$(SDKROOT)/Developer/Library/Frameworks",
					"$(inherited)",
				);
				GCC_PREPROCESSOR_DEFINITIONS = (
					"DEBUG=1",
					"$(inherited)",
				);
				INFOPLIST_FILE = hackingTests/Info.plist;
				LD_RUNPATH_SEARCH_PATHS = "$(inherited) @executable_path/Frameworks @loader_path/Frameworks";
				PRODUCT_NAME = "$(TARGET_NAME)";
				TEST_HOST = "$(BUILT_PRODUCTS_DIR)/hacking.app/hacking";
			};
			name = Debug;
		};
		5A11D0E6199EE06D00AF77E1 /* Release */ = {
			isa = XCBuildConfiguration;
			buildSettings = {
				BUNDLE_LOADER = "$(TEST_HOST)";
				FRAMEWORK_SEARCH_PATHS = (
					"$(SDKROOT)/Developer/Library/Frameworks",
					"$(inherited)",
				);
				INFOPLIST_FILE = hackingTests/Info.plist;
				LD_RUNPATH_SEARCH_PATHS = "$(inherited) @executable_path/Frameworks @loader_path/Frameworks";
				PRODUCT_NAME = "$(TARGET_NAME)";
				TEST_HOST = "$(BUILT_PRODUCTS_DIR)/hacking.app/hacking";
			};
			name = Release;
		};
/* End XCBuildConfiguration section */

/* Begin XCConfigurationList section */
		5A11D0C0199EE06D00AF77E1 /* Build configuration list for PBXProject "hacking" */ = {
			isa = XCConfigurationList;
			buildConfigurations = (
				5A11D0DF199EE06D00AF77E1 /* Debug */,
				5A11D0E0199EE06D00AF77E1 /* Release */,
			);
			defaultConfigurationIsVisible = 0;
			defaultConfigurationName = Release;
		};
		5A11D0E1199EE06D00AF77E1 /* Build configuration list for PBXNativeTarget "hacking" */ = {
			isa = XCConfigurationList;
			buildConfigurations = (
				5A11D0E2199EE06D00AF77E1 /* Debug */,
				5A11D0E3199EE06D00AF77E1 /* Release */,
			);
			defaultConfigurationIsVisible = 0;
			defaultConfigurationName = Release;
		};
		5A11D0E4199EE06D00AF77E1 /* Build configuration list for PBXNativeTarget "hackingTests" */ = {
			isa = XCConfigurationList;
			buildConfigurations = (
				5A11D0E5199EE06D00AF77E1 /* Debug */,
				5A11D0E6199EE06D00AF77E1 /* Release */,
			);
			defaultConfigurationIsVisible = 0;
			defaultConfigurationName = Release;
		};
/* End XCConfigurationList section */
	};
	rootObject = 5A11D0BD199EE06D00AF77E1 /* Project object */;
}
